
Microsoft Visual Studio Solution File, Format Version 12.00
# Visual Studio Version 16
VisualStudioVersion = 16.0.32602.291
MinimumVisualStudioVersion = 10.0.40219.1
Project("{9A19103F-16F7-4668-BE54-9A1E7A4F7556}") = "RpiPLC", "RpiPLC\RpiPLC.csproj", "{2AC051A2-E202-40BA-9306-763BEEC9BA08}"
EndProject
Project("{9A19103F-16F7-4668-BE54-9A1E7A4F7556}") = "DesktopPLC", "DesktopPLC\DesktopPLC.csproj", "{9A496137-8523-48DB-9EF2-1E95AEA1B005}"
EndProject
Global
	GlobalSection(SolutionConfigurationPlatforms) = preSolution
		Debug|Any CPU = Debug|Any CPU
		Release|Any CPU = Release|Any CPU
	EndGlobalSection
	GlobalSection(ProjectConfigurationPlatforms) = postSolution
		{2AC051A2-E202-40BA-9306-763BEEC9BA08}.Debug|Any CPU.ActiveCfg = Debug|Any CPU
		{2AC051A2-E202-40BA-9306-763BEEC9BA08}.Debug|Any CPU.Build.0 = Debug|Any CPU
		{2AC051A2-E202-40BA-9306-763BEEC9BA08}.Release|Any CPU.ActiveCfg = Release|Any CPU
		{2AC051A2-E202-40BA-9306-763BEEC9BA08}.Release|Any CPU.Build.0 = Release|Any CPU
		{9A496137-8523-48DB-9EF2-1E95AEA1B005}.Debug|Any CPU.ActiveCfg = Debug|Any CPU
		{9A496137-8523-48DB-9EF2-1E95AEA1B005}.Debug|Any CPU.Build.0 = Debug|Any CPU
		{9A496137-8523-48DB-9EF2-1E95AEA1B005}.Release|Any CPU.ActiveCfg = Release|Any CPU
		{9A496137-8523-48DB-9EF2-1E95AEA1B005}.Release|Any CPU.Build.0 = Release|Any CPU
	EndGlobalSection
	GlobalSection(SolutionProperties) = preSolution
		HideSolutionNode = FALSE
	EndGlobalSection
	GlobalSection(ExtensibilityGlobals) = postSolution
		SolutionGuid = {5BD015B3-85DB-45E9-8CF4-82477B6B8B2C}
	EndGlobalSection
EndGlobal
