
Microsoft Visual Studio Solution File, Format Version 12.00
# Visual Studio Version 16
VisualStudioVersion = 16.0.30709.132
MinimumVisualStudioVersion = 10.0.40219.1
Project("{9A19103F-16F7-4668-BE54-9A1E7A4F7556}") = "Devinno.PLC", "Devinno.PLC.csproj", "{E4492CA1-2961-4484-98E9-ACA28FEA6022}"
EndProject
Project("{9A19103F-16F7-4668-BE54-9A1E7A4F7556}") = "LadderEditor", "..\LadderEditor\LadderEditor.csproj", "{75F095B5-05CA-482F-98B3-32EA888F80C6}"
EndProject
Project("{2150E333-8FDC-42A3-9474-1A3956D46DE8}") = "Solution Items", "Solution Items", "{ABFA97C3-F450-4E35-A347-2352D4BBECA4}"
	ProjectSection(SolutionItems) = preProject
		.editorconfig = .editorconfig
	EndProjectSection
EndProject
Project("{9A19103F-16F7-4668-BE54-9A1E7A4F7556}") = "Devinno.PLC.Library", "..\Devinno.PLC.Library\Devinno.PLC.Library.csproj", "{5A0ECFEF-E524-42D0-95A1-F5957E0966DE}"
EndProject
Project("{9A19103F-16F7-4668-BE54-9A1E7A4F7556}") = "TestPLC", "..\TestPLC\TestPLC.csproj", "{77E6230F-0600-4CC5-A0BA-AF6ECBD98E76}"
EndProject
Global
	GlobalSection(SolutionConfigurationPlatforms) = preSolution
		Debug|Any CPU = Debug|Any CPU
		Release|Any CPU = Release|Any CPU
	EndGlobalSection
	GlobalSection(ProjectConfigurationPlatforms) = postSolution
		{E4492CA1-2961-4484-98E9-ACA28FEA6022}.Debug|Any CPU.ActiveCfg = Debug|Any CPU
		{E4492CA1-2961-4484-98E9-ACA28FEA6022}.Debug|Any CPU.Build.0 = Debug|Any CPU
		{E4492CA1-2961-4484-98E9-ACA28FEA6022}.Release|Any CPU.ActiveCfg = Release|Any CPU
		{E4492CA1-2961-4484-98E9-ACA28FEA6022}.Release|Any CPU.Build.0 = Release|Any CPU
		{75F095B5-05CA-482F-98B3-32EA888F80C6}.Debug|Any CPU.ActiveCfg = Debug|Any CPU
		{75F095B5-05CA-482F-98B3-32EA888F80C6}.Debug|Any CPU.Build.0 = Debug|Any CPU
		{75F095B5-05CA-482F-98B3-32EA888F80C6}.Release|Any CPU.ActiveCfg = Release|Any CPU
		{75F095B5-05CA-482F-98B3-32EA888F80C6}.Release|Any CPU.Build.0 = Release|Any CPU
		{5A0ECFEF-E524-42D0-95A1-F5957E0966DE}.Debug|Any CPU.ActiveCfg = Debug|Any CPU
		{5A0ECFEF-E524-42D0-95A1-F5957E0966DE}.Debug|Any CPU.Build.0 = Debug|Any CPU
		{5A0ECFEF-E524-42D0-95A1-F5957E0966DE}.Release|Any CPU.ActiveCfg = Release|Any CPU
		{5A0ECFEF-E524-42D0-95A1-F5957E0966DE}.Release|Any CPU.Build.0 = Release|Any CPU
		{77E6230F-0600-4CC5-A0BA-AF6ECBD98E76}.Debug|Any CPU.ActiveCfg = Debug|Any CPU
		{77E6230F-0600-4CC5-A0BA-AF6ECBD98E76}.Debug|Any CPU.Build.0 = Debug|Any CPU
		{77E6230F-0600-4CC5-A0BA-AF6ECBD98E76}.Release|Any CPU.ActiveCfg = Release|Any CPU
		{77E6230F-0600-4CC5-A0BA-AF6ECBD98E76}.Release|Any CPU.Build.0 = Release|Any CPU
	EndGlobalSection
	GlobalSection(SolutionProperties) = preSolution
		HideSolutionNode = FALSE
	EndGlobalSection
	GlobalSection(ExtensibilityGlobals) = postSolution
		SolutionGuid = {6452BCF7-5C67-4C3A-8A3D-8FD08D563729}
	EndGlobalSection
EndGlobal
