
Microsoft Visual Studio Solution File, Format Version 12.00
# Visual Studio Version 16
VisualStudioVersion = 16.0.30709.132
MinimumVisualStudioVersion = 10.0.40219.1
Project("{9A19103F-16F7-4668-BE54-9A1E7A4F7556}") = "Devinno.PLC", "Devinno.PLC.csproj", "{E4492CA1-2961-4484-98E9-ACA28FEA6022}"
EndProject
Project("{9A19103F-16F7-4668-BE54-9A1E7A4F7556}") = "LadderEditor", "..\LadderEditor\LadderEditor.csproj", "{309E4F8B-5ECE-40B6-809C-2D4014130EE3}"
EndProject
Project("{9A19103F-16F7-4668-BE54-9A1E7A4F7556}") = "RpiPLC", "..\RpiPLC\RpiPLC.csproj", "{1F903CE4-D4A2-4769-A587-8C50EA1B3650}"
EndProject
Global
	GlobalSection(SolutionConfigurationPlatforms) = preSolution
		Debug|Any CPU = Debug|Any CPU
		Release|Any CPU = Release|Any CPU
	EndGlobalSection
	GlobalSection(ProjectConfigurationPlatforms) = postSolution
		{E4492CA1-2961-4484-98E9-ACA28FEA6022}.Debug|Any CPU.ActiveCfg = Debug|Any CPU
		{E4492CA1-2961-4484-98E9-ACA28FEA6022}.Debug|Any CPU.Build.0 = Debug|Any CPU
		{E4492CA1-2961-4484-98E9-ACA28FEA6022}.Release|Any CPU.ActiveCfg = Release|Any CPU
		{E4492CA1-2961-4484-98E9-ACA28FEA6022}.Release|Any CPU.Build.0 = Release|Any CPU
		{309E4F8B-5ECE-40B6-809C-2D4014130EE3}.Debug|Any CPU.ActiveCfg = Debug|Any CPU
		{309E4F8B-5ECE-40B6-809C-2D4014130EE3}.Debug|Any CPU.Build.0 = Debug|Any CPU
		{309E4F8B-5ECE-40B6-809C-2D4014130EE3}.Release|Any CPU.ActiveCfg = Release|Any CPU
		{309E4F8B-5ECE-40B6-809C-2D4014130EE3}.Release|Any CPU.Build.0 = Release|Any CPU
		{1F903CE4-D4A2-4769-A587-8C50EA1B3650}.Debug|Any CPU.ActiveCfg = Debug|Any CPU
		{1F903CE4-D4A2-4769-A587-8C50EA1B3650}.Debug|Any CPU.Build.0 = Debug|Any CPU
		{1F903CE4-D4A2-4769-A587-8C50EA1B3650}.Release|Any CPU.ActiveCfg = Release|Any CPU
		{1F903CE4-D4A2-4769-A587-8C50EA1B3650}.Release|Any CPU.Build.0 = Release|Any CPU
	EndGlobalSection
	GlobalSection(SolutionProperties) = preSolution
		HideSolutionNode = FALSE
	EndGlobalSection
	GlobalSection(ExtensibilityGlobals) = postSolution
		SolutionGuid = {6452BCF7-5C67-4C3A-8A3D-8FD08D563729}
	EndGlobalSection
EndGlobal
