
Microsoft Visual Studio Solution File, Format Version 12.00
# Visual Studio Version 16
VisualStudioVersion = 16.0.32602.291
MinimumVisualStudioVersion = 10.0.40219.1
Project("{9A19103F-16F7-4668-BE54-9A1E7A4F7556}") = "LadderDB", "LadderDB\LadderDB.csproj", "{10D76DE3-1201-439A-96F5-90894BB60E45}"
EndProject
Project("{FAE04EC0-301F-11D3-BF4B-00C04F79EFBC}") = "Sample", "Sample\Sample.csproj", "{1593BBE8-165A-4D11-8839-48364BB321A1}"
EndProject
Global
	GlobalSection(SolutionConfigurationPlatforms) = preSolution
		Debug|Any CPU = Debug|Any CPU
		Release|Any CPU = Release|Any CPU
	EndGlobalSection
	GlobalSection(ProjectConfigurationPlatforms) = postSolution
		{10D76DE3-1201-439A-96F5-90894BB60E45}.Debug|Any CPU.ActiveCfg = Debug|Any CPU
		{10D76DE3-1201-439A-96F5-90894BB60E45}.Debug|Any CPU.Build.0 = Debug|Any CPU
		{10D76DE3-1201-439A-96F5-90894BB60E45}.Release|Any CPU.ActiveCfg = Release|Any CPU
		{10D76DE3-1201-439A-96F5-90894BB60E45}.Release|Any CPU.Build.0 = Release|Any CPU
		{1593BBE8-165A-4D11-8839-48364BB321A1}.Debug|Any CPU.ActiveCfg = Debug|Any CPU
		{1593BBE8-165A-4D11-8839-48364BB321A1}.Debug|Any CPU.Build.0 = Debug|Any CPU
		{1593BBE8-165A-4D11-8839-48364BB321A1}.Release|Any CPU.ActiveCfg = Release|Any CPU
		{1593BBE8-165A-4D11-8839-48364BB321A1}.Release|Any CPU.Build.0 = Release|Any CPU
	EndGlobalSection
	GlobalSection(SolutionProperties) = preSolution
		HideSolutionNode = FALSE
	EndGlobalSection
	GlobalSection(ExtensibilityGlobals) = postSolution
		SolutionGuid = {9A4D398A-7857-4861-848D-243E64C22154}
	EndGlobalSection
EndGlobal
